// !$*UTF8*$!
{
	archiveVersion = 1;
	classes = {
	};
	objectVersion = 55;
	objects = {

/* Begin PBXBuildFile section */
		AA08C78B272EB73E001B8575 /* CalculatorCommands.swift in Sources */ = {isa = PBXBuildFile; fileRef = AA08C772272EB73D001B8575 /* CalculatorCommands.swift */; };
		AA08C78C272EB73E001B8575 /* NumberStack.swift in Sources */ = {isa = PBXBuildFile; fileRef = AA08C773272EB73D001B8575 /* NumberStack.swift */; };
		AA08C78D272EB73E001B8575 /* iOSSize.swift in Sources */ = {isa = PBXBuildFile; fileRef = AA08C774272EB73D001B8575 /* iOSSize.swift */; };
		AA08C78E272EB73E001B8575 /* ScientificKeys.swift in Sources */ = {isa = PBXBuildFile; fileRef = AA08C775272EB73D001B8575 /* ScientificKeys.swift */; };
		AA08C78F272EB73E001B8575 /* Gmp.swift in Sources */ = {isa = PBXBuildFile; fileRef = AA08C776272EB73D001B8575 /* Gmp.swift */; };
		AA08C790272EB73E001B8575 /* OperatorStack.swift in Sources */ = {isa = PBXBuildFile; fileRef = AA08C777272EB73E001B8575 /* OperatorStack.swift */; };
		AA08C791272EB73E001B8575 /* CalculatorAppiOS.swift in Sources */ = {isa = PBXBuildFile; fileRef = AA08C778272EB73E001B8575 /* CalculatorAppiOS.swift */; };
		AA08C792272EB73E001B8575 /* Number.swift in Sources */ = {isa = PBXBuildFile; fileRef = AA08C779272EB73E001B8575 /* Number.swift */; };
		AA08C793272EB73E001B8575 /* Zoom.swift in Sources */ = {isa = PBXBuildFile; fileRef = AA08C77A272EB73E001B8575 /* Zoom.swift */; };
		AA08C794272EB73E001B8575 /* Symbols.swift in Sources */ = {isa = PBXBuildFile; fileRef = AA08C77B272EB73E001B8575 /* Symbols.swift */; };
		AA08C796272EB73E001B8575 /* MainView.swift in Sources */ = {isa = PBXBuildFile; fileRef = AA08C77D272EB73E001B8575 /* MainView.swift */; };
		AA08C797272EB73E001B8575 /* Key.swift in Sources */ = {isa = PBXBuildFile; fileRef = AA08C77E272EB73E001B8575 /* Key.swift */; };
		AA08C798272EB73E001B8575 /* Brain.swift in Sources */ = {isa = PBXBuildFile; fileRef = AA08C77F272EB73E001B8575 /* Brain.swift */; };
		AA08C799272EB73E001B8575 /* KeyInputSubjectWrapper.swift in Sources */ = {isa = PBXBuildFile; fileRef = AA08C780272EB73E001B8575 /* KeyInputSubjectWrapper.swift */; };
		AA08C79A272EB73E001B8575 /* TargetEnvironment.swift in Sources */ = {isa = PBXBuildFile; fileRef = AA08C781272EB73E001B8575 /* TargetEnvironment.swift */; };
		AA08C79B272EB73E001B8575 /* DisplayData.swift in Sources */ = {isa = PBXBuildFile; fileRef = AA08C782272EB73E001B8575 /* DisplayData.swift */; };
		AA08C79C272EB73E001B8575 /* CalculatorApp.swift in Sources */ = {isa = PBXBuildFile; fileRef = AA08C783272EB73E001B8575 /* CalculatorApp.swift */; };
		AA08C79D272EB73E001B8575 /* Assets.xcassets in Resources */ = {isa = PBXBuildFile; fileRef = AA08C784272EB73E001B8575 /* Assets.xcassets */; };
		AA08C79E272EB73E001B8575 /* NumberKeys.swift in Sources */ = {isa = PBXBuildFile; fileRef = AA08C785272EB73E001B8575 /* NumberKeys.swift */; };
		AA08C79F272EB73E001B8575 /* CalibratedDisplay.swift in Sources */ = {isa = PBXBuildFile; fileRef = AA08C786272EB73E001B8575 /* CalibratedDisplay.swift */; };
		AA08C7A0272EB73E001B8575 /* Precision.swift in Sources */ = {isa = PBXBuildFile; fileRef = AA08C787272EB73E001B8575 /* Precision.swift */; };
		AA08C7A1272EB73E001B8575 /* CalculatorAppCatalyst.swift in Sources */ = {isa = PBXBuildFile; fileRef = AA08C789272EB73E001B8575 /* CalculatorAppCatalyst.swift */; };
		AA08C7A2272EB73E001B8575 /* Display.swift in Sources */ = {isa = PBXBuildFile; fileRef = AA08C78A272EB73E001B8575 /* Display.swift */; };
		AA08C7A4272EB750001B8575 /* Credits.rtf in Resources */ = {isa = PBXBuildFile; fileRef = AA08C7A3272EB750001B8575 /* Credits.rtf */; };
		AA08C7B2272EC26A001B8575 /* gmp.xcframework in Frameworks */ = {isa = PBXBuildFile; fileRef = AA08C7B1272EC26A001B8575 /* gmp.xcframework */; };
		AA08C7B4272EC276001B8575 /* mpfr.xcframework in Frameworks */ = {isa = PBXBuildFile; fileRef = AA08C7B3272EC276001B8575 /* mpfr.xcframework */; };
/* End PBXBuildFile section */

/* Begin PBXCopyFilesBuildPhase section */
		AA2576AF26F8EA3900CDD8C9 /* Embed Frameworks */ = {
			isa = PBXCopyFilesBuildPhase;
			buildActionMask = 2147483647;
			dstPath = "";
			dstSubfolderSpec = 10;
			files = (
			);
			name = "Embed Frameworks";
			runOnlyForDeploymentPostprocessing = 0;
		};
/* End PBXCopyFilesBuildPhase section */

/* Begin PBXFileReference section */
		AA08C772272EB73D001B8575 /* CalculatorCommands.swift */ = {isa = PBXFileReference; fileEncoding = 4; lastKnownFileType = sourcecode.swift; path = CalculatorCommands.swift; sourceTree = "<group>"; };
		AA08C773272EB73D001B8575 /* NumberStack.swift */ = {isa = PBXFileReference; fileEncoding = 4; lastKnownFileType = sourcecode.swift; path = NumberStack.swift; sourceTree = "<group>"; };
		AA08C774272EB73D001B8575 /* iOSSize.swift */ = {isa = PBXFileReference; fileEncoding = 4; lastKnownFileType = sourcecode.swift; path = iOSSize.swift; sourceTree = "<group>"; };
		AA08C775272EB73D001B8575 /* ScientificKeys.swift */ = {isa = PBXFileReference; fileEncoding = 4; lastKnownFileType = sourcecode.swift; path = ScientificKeys.swift; sourceTree = "<group>"; };
		AA08C776272EB73D001B8575 /* Gmp.swift */ = {isa = PBXFileReference; fileEncoding = 4; lastKnownFileType = sourcecode.swift; path = Gmp.swift; sourceTree = "<group>"; };
		AA08C777272EB73E001B8575 /* OperatorStack.swift */ = {isa = PBXFileReference; fileEncoding = 4; lastKnownFileType = sourcecode.swift; path = OperatorStack.swift; sourceTree = "<group>"; };
		AA08C778272EB73E001B8575 /* CalculatorAppiOS.swift */ = {isa = PBXFileReference; fileEncoding = 4; lastKnownFileType = sourcecode.swift; path = CalculatorAppiOS.swift; sourceTree = "<group>"; };
		AA08C779272EB73E001B8575 /* Number.swift */ = {isa = PBXFileReference; fileEncoding = 4; lastKnownFileType = sourcecode.swift; path = Number.swift; sourceTree = "<group>"; };
		AA08C77A272EB73E001B8575 /* Zoom.swift */ = {isa = PBXFileReference; fileEncoding = 4; lastKnownFileType = sourcecode.swift; path = Zoom.swift; sourceTree = "<group>"; };
		AA08C77B272EB73E001B8575 /* Symbols.swift */ = {isa = PBXFileReference; fileEncoding = 4; lastKnownFileType = sourcecode.swift; path = Symbols.swift; sourceTree = "<group>"; };
		AA08C77C272EB73E001B8575 /* Info.plist */ = {isa = PBXFileReference; fileEncoding = 4; lastKnownFileType = text.plist.xml; path = Info.plist; sourceTree = "<group>"; };
		AA08C77D272EB73E001B8575 /* MainView.swift */ = {isa = PBXFileReference; fileEncoding = 4; lastKnownFileType = sourcecode.swift; path = MainView.swift; sourceTree = "<group>"; };
		AA08C77E272EB73E001B8575 /* Key.swift */ = {isa = PBXFileReference; fileEncoding = 4; lastKnownFileType = sourcecode.swift; path = Key.swift; sourceTree = "<group>"; };
		AA08C77F272EB73E001B8575 /* Brain.swift */ = {isa = PBXFileReference; fileEncoding = 4; lastKnownFileType = sourcecode.swift; path = Brain.swift; sourceTree = "<group>"; };
		AA08C780272EB73E001B8575 /* KeyInputSubjectWrapper.swift */ = {isa = PBXFileReference; fileEncoding = 4; lastKnownFileType = sourcecode.swift; path = KeyInputSubjectWrapper.swift; sourceTree = "<group>"; };
		AA08C781272EB73E001B8575 /* TargetEnvironment.swift */ = {isa = PBXFileReference; fileEncoding = 4; lastKnownFileType = sourcecode.swift; path = TargetEnvironment.swift; sourceTree = "<group>"; };
		AA08C782272EB73E001B8575 /* DisplayData.swift */ = {isa = PBXFileReference; fileEncoding = 4; lastKnownFileType = sourcecode.swift; path = DisplayData.swift; sourceTree = "<group>"; };
		AA08C783272EB73E001B8575 /* CalculatorApp.swift */ = {isa = PBXFileReference; fileEncoding = 4; lastKnownFileType = sourcecode.swift; path = CalculatorApp.swift; sourceTree = "<group>"; };
		AA08C784272EB73E001B8575 /* Assets.xcassets */ = {isa = PBXFileReference; lastKnownFileType = folder.assetcatalog; path = Assets.xcassets; sourceTree = "<group>"; };
		AA08C785272EB73E001B8575 /* NumberKeys.swift */ = {isa = PBXFileReference; fileEncoding = 4; lastKnownFileType = sourcecode.swift; path = NumberKeys.swift; sourceTree = "<group>"; };
		AA08C786272EB73E001B8575 /* CalibratedDisplay.swift */ = {isa = PBXFileReference; fileEncoding = 4; lastKnownFileType = sourcecode.swift; path = CalibratedDisplay.swift; sourceTree = "<group>"; };
		AA08C787272EB73E001B8575 /* Precision.swift */ = {isa = PBXFileReference; fileEncoding = 4; lastKnownFileType = sourcecode.swift; path = Precision.swift; sourceTree = "<group>"; };
		AA08C788272EB73E001B8575 /* Calculator.entitlements */ = {isa = PBXFileReference; fileEncoding = 4; lastKnownFileType = text.plist.entitlements; path = Calculator.entitlements; sourceTree = "<group>"; };
		AA08C789272EB73E001B8575 /* CalculatorAppCatalyst.swift */ = {isa = PBXFileReference; fileEncoding = 4; lastKnownFileType = sourcecode.swift; path = CalculatorAppCatalyst.swift; sourceTree = "<group>"; };
		AA08C78A272EB73E001B8575 /* Display.swift */ = {isa = PBXFileReference; fileEncoding = 4; lastKnownFileType = sourcecode.swift; path = Display.swift; sourceTree = "<group>"; };
		AA08C7A3272EB750001B8575 /* Credits.rtf */ = {isa = PBXFileReference; fileEncoding = 4; lastKnownFileType = text.rtf; path = Credits.rtf; sourceTree = "<group>"; };
		AA08C7B1272EC26A001B8575 /* gmp.xcframework */ = {isa = PBXFileReference; lastKnownFileType = wrapper.xcframework; name = gmp.xcframework; path = dist/gmp.xcframework; sourceTree = "<group>"; };
		AA08C7B3272EC276001B8575 /* mpfr.xcframework */ = {isa = PBXFileReference; lastKnownFileType = wrapper.xcframework; name = mpfr.xcframework; path = dist/mpfr.xcframework; sourceTree = "<group>"; };
		AAE9DA871CE0BBE400C44198 /* Better Calc.app */ = {isa = PBXFileReference; explicitFileType = wrapper.application; includeInIndex = 0; path = "Better Calc.app"; sourceTree = BUILT_PRODUCTS_DIR; };
/* End PBXFileReference section */

/* Begin PBXFrameworksBuildPhase section */
		AAE9DA841CE0BBE400C44198 /* Frameworks */ = {
			isa = PBXFrameworksBuildPhase;
			buildActionMask = 2147483647;
			files = (
				AA08C7B4272EC276001B8575 /* mpfr.xcframework in Frameworks */,
				AA08C7B2272EC26A001B8575 /* gmp.xcframework in Frameworks */,
			);
			runOnlyForDeploymentPostprocessing = 0;
		};
/* End PBXFrameworksBuildPhase section */

/* Begin PBXGroup section */
		AA2576A826F8EA3900CDD8C9 /* Frameworks */ = {
			isa = PBXGroup;
			children = (
				AA08C7B3272EC276001B8575 /* mpfr.xcframework */,
				AA08C7B1272EC26A001B8575 /* gmp.xcframework */,
			);
			name = Frameworks;
			sourceTree = "<group>";
		};
		AAE9DA7E1CE0BBE300C44198 = {
			isa = PBXGroup;
			children = (
				AAE9DA891CE0BBE400C44198 /* Calculator */,
				AAE9DA881CE0BBE400C44198 /* Products */,
				AA2576A826F8EA3900CDD8C9 /* Frameworks */,
			);
			sourceTree = "<group>";
		};
		AAE9DA881CE0BBE400C44198 /* Products */ = {
			isa = PBXGroup;
			children = (
				AAE9DA871CE0BBE400C44198 /* Better Calc.app */,
			);
			name = Products;
			sourceTree = "<group>";
		};
		AAE9DA891CE0BBE400C44198 /* Calculator */ = {
			isa = PBXGroup;
			children = (
				AA08C784272EB73E001B8575 /* Assets.xcassets */,
				AA08C77F272EB73E001B8575 /* Brain.swift */,
				AA08C788272EB73E001B8575 /* Calculator.entitlements */,
				AA08C783272EB73E001B8575 /* CalculatorApp.swift */,
				AA08C789272EB73E001B8575 /* CalculatorAppCatalyst.swift */,
				AA08C778272EB73E001B8575 /* CalculatorAppiOS.swift */,
				AA08C772272EB73D001B8575 /* CalculatorCommands.swift */,
				AA08C786272EB73E001B8575 /* CalibratedDisplay.swift */,
				AA08C78A272EB73E001B8575 /* Display.swift */,
				AA08C782272EB73E001B8575 /* DisplayData.swift */,
				AA08C776272EB73D001B8575 /* Gmp.swift */,
				AA08C77C272EB73E001B8575 /* Info.plist */,
				AA08C774272EB73D001B8575 /* iOSSize.swift */,
				AA08C77E272EB73E001B8575 /* Key.swift */,
				AA08C780272EB73E001B8575 /* KeyInputSubjectWrapper.swift */,
				AA08C77D272EB73E001B8575 /* MainView.swift */,
				AA08C779272EB73E001B8575 /* Number.swift */,
				AA08C785272EB73E001B8575 /* NumberKeys.swift */,
				AA08C773272EB73D001B8575 /* NumberStack.swift */,
				AA08C777272EB73E001B8575 /* OperatorStack.swift */,
				AA08C787272EB73E001B8575 /* Precision.swift */,
				AA08C775272EB73D001B8575 /* ScientificKeys.swift */,
				AA08C77B272EB73E001B8575 /* Symbols.swift */,
				AA08C781272EB73E001B8575 /* TargetEnvironment.swift */,
				AA08C77A272EB73E001B8575 /* Zoom.swift */,
				AA08C7A3272EB750001B8575 /* Credits.rtf */,
			);
			path = Calculator;
			sourceTree = "<group>";
		};
/* End PBXGroup section */

/* Begin PBXNativeTarget section */
		AAE9DA861CE0BBE400C44198 /* Calculator */ = {
			isa = PBXNativeTarget;
			buildConfigurationList = AAE9DA991CE0BBE400C44198 /* Build configuration list for PBXNativeTarget "Calculator" */;
			buildPhases = (
				AAE9DA831CE0BBE400C44198 /* Sources */,
				AAE9DA841CE0BBE400C44198 /* Frameworks */,
				AAE9DA851CE0BBE400C44198 /* Resources */,
				AA2576AF26F8EA3900CDD8C9 /* Embed Frameworks */,
			);
			buildRules = (
			);
			dependencies = (
			);
			name = Calculator;
			productName = Calculator;
			productReference = AAE9DA871CE0BBE400C44198 /* Better Calc.app */;
			productType = "com.apple.product-type.application";
		};
/* End PBXNativeTarget section */

/* Begin PBXProject section */
		AAE9DA7F1CE0BBE300C44198 /* Project object */ = {
			isa = PBXProject;
			attributes = {
				LastSwiftUpdateCheck = 1000;
				LastUpgradeCheck = 1310;
				ORGANIZATIONNAME = "Joachim Neumann";
				TargetAttributes = {
					AAE9DA861CE0BBE400C44198 = {
						CreatedOnToolsVersion = 7.3;
						DevelopmentTeam = 8A4DL788W9;
						LastSwiftMigration = 1120;
					};
				};
			};
			buildConfigurationList = AAE9DA821CE0BBE300C44198 /* Build configuration list for PBXProject "Calculator" */;
			compatibilityVersion = "Xcode 13.0";
			developmentRegion = en;
			hasScannedForEncodings = 0;
			knownRegions = (
				en,
				Base,
			);
			mainGroup = AAE9DA7E1CE0BBE300C44198;
			productRefGroup = AAE9DA881CE0BBE400C44198 /* Products */;
			projectDirPath = "";
			projectRoot = "";
			targets = (
				AAE9DA861CE0BBE400C44198 /* Calculator */,
			);
		};
/* End PBXProject section */

/* Begin PBXResourcesBuildPhase section */
		AAE9DA851CE0BBE400C44198 /* Resources */ = {
			isa = PBXResourcesBuildPhase;
			buildActionMask = 2147483647;
			files = (
				AA08C79D272EB73E001B8575 /* Assets.xcassets in Resources */,
				AA08C7A4272EB750001B8575 /* Credits.rtf in Resources */,
			);
			runOnlyForDeploymentPostprocessing = 0;
		};
/* End PBXResourcesBuildPhase section */

/* Begin PBXSourcesBuildPhase section */
		AAE9DA831CE0BBE400C44198 /* Sources */ = {
			isa = PBXSourcesBuildPhase;
			buildActionMask = 2147483647;
			files = (
				AA08C792272EB73E001B8575 /* Number.swift in Sources */,
				AA08C78E272EB73E001B8575 /* ScientificKeys.swift in Sources */,
				AA08C79A272EB73E001B8575 /* TargetEnvironment.swift in Sources */,
				AA08C791272EB73E001B8575 /* CalculatorAppiOS.swift in Sources */,
				AA08C78B272EB73E001B8575 /* CalculatorCommands.swift in Sources */,
				AA08C798272EB73E001B8575 /* Brain.swift in Sources */,
				AA08C799272EB73E001B8575 /* KeyInputSubjectWrapper.swift in Sources */,
				AA08C79C272EB73E001B8575 /* CalculatorApp.swift in Sources */,
				AA08C78D272EB73E001B8575 /* iOSSize.swift in Sources */,
				AA08C797272EB73E001B8575 /* Key.swift in Sources */,
				AA08C7A0272EB73E001B8575 /* Precision.swift in Sources */,
				AA08C794272EB73E001B8575 /* Symbols.swift in Sources */,
				AA08C793272EB73E001B8575 /* Zoom.swift in Sources */,
				AA08C796272EB73E001B8575 /* MainView.swift in Sources */,
				AA08C79B272EB73E001B8575 /* DisplayData.swift in Sources */,
				AA08C79F272EB73E001B8575 /* CalibratedDisplay.swift in Sources */,
				AA08C7A2272EB73E001B8575 /* Display.swift in Sources */,
				AA08C78F272EB73E001B8575 /* Gmp.swift in Sources */,
				AA08C790272EB73E001B8575 /* OperatorStack.swift in Sources */,
				AA08C79E272EB73E001B8575 /* NumberKeys.swift in Sources */,
				AA08C78C272EB73E001B8575 /* NumberStack.swift in Sources */,
				AA08C7A1272EB73E001B8575 /* CalculatorAppCatalyst.swift in Sources */,
			);
			runOnlyForDeploymentPostprocessing = 0;
		};
/* End PBXSourcesBuildPhase section */

/* Begin XCBuildConfiguration section */
		AAE9DA971CE0BBE400C44198 /* Debug */ = {
			isa = XCBuildConfiguration;
			buildSettings = {
				ALWAYS_SEARCH_USER_PATHS = NO;
				CLANG_ANALYZER_NONNULL = YES;
				CLANG_CXX_LANGUAGE_STANDARD = "gnu++0x";
				CLANG_CXX_LIBRARY = "libc++";
				CLANG_ENABLE_MODULES = YES;
				CLANG_ENABLE_OBJC_ARC = YES;
				CLANG_WARN_BLOCK_CAPTURE_AUTORELEASING = YES;
				CLANG_WARN_BOOL_CONVERSION = YES;
				CLANG_WARN_COMMA = YES;
				CLANG_WARN_CONSTANT_CONVERSION = YES;
				CLANG_WARN_DEPRECATED_OBJC_IMPLEMENTATIONS = YES;
				CLANG_WARN_DIRECT_OBJC_ISA_USAGE = YES_ERROR;
				CLANG_WARN_EMPTY_BODY = YES;
				CLANG_WARN_ENUM_CONVERSION = YES;
				CLANG_WARN_INFINITE_RECURSION = YES;
				CLANG_WARN_INT_CONVERSION = YES;
				CLANG_WARN_NON_LITERAL_NULL_CONVERSION = YES;
				CLANG_WARN_OBJC_IMPLICIT_RETAIN_SELF = YES;
				CLANG_WARN_OBJC_LITERAL_CONVERSION = YES;
				CLANG_WARN_OBJC_ROOT_CLASS = YES_ERROR;
				CLANG_WARN_QUOTED_INCLUDE_IN_FRAMEWORK_HEADER = YES;
				CLANG_WARN_RANGE_LOOP_ANALYSIS = YES;
				CLANG_WARN_STRICT_PROTOTYPES = YES;
				CLANG_WARN_SUSPICIOUS_MOVE = YES;
				CLANG_WARN_UNREACHABLE_CODE = YES;
				CLANG_WARN__DUPLICATE_METHOD_MATCH = YES;
				"CODE_SIGN_IDENTITY[sdk=iphoneos*]" = "iPhone Developer";
				COPY_PHASE_STRIP = NO;
				DEBUG_INFORMATION_FORMAT = dwarf;
				ENABLE_STRICT_OBJC_MSGSEND = YES;
				ENABLE_TESTABILITY = YES;
				GCC_C_LANGUAGE_STANDARD = gnu99;
				GCC_DYNAMIC_NO_PIC = NO;
				GCC_NO_COMMON_BLOCKS = YES;
				GCC_OPTIMIZATION_LEVEL = 0;
				GCC_PREPROCESSOR_DEFINITIONS = (
					"DEBUG=1",
					"$(inherited)",
				);
				GCC_WARN_64_TO_32_BIT_CONVERSION = YES;
				GCC_WARN_ABOUT_RETURN_TYPE = YES_ERROR;
				GCC_WARN_UNDECLARED_SELECTOR = YES;
				GCC_WARN_UNINITIALIZED_AUTOS = YES_AGGRESSIVE;
				GCC_WARN_UNUSED_FUNCTION = YES;
				GCC_WARN_UNUSED_VARIABLE = YES;
				IPHONEOS_DEPLOYMENT_TARGET = 12.0;
				MTL_ENABLE_DEBUG_INFO = YES;
				ONLY_ACTIVE_ARCH = YES;
				SDKROOT = iphoneos;
				SWIFT_OPTIMIZATION_LEVEL = "-Onone";
				TARGETED_DEVICE_FAMILY = "1,2";
			};
			name = Debug;
		};
		AAE9DA981CE0BBE400C44198 /* Release */ = {
			isa = XCBuildConfiguration;
			buildSettings = {
				ALWAYS_SEARCH_USER_PATHS = NO;
				CLANG_ANALYZER_NONNULL = YES;
				CLANG_CXX_LANGUAGE_STANDARD = "gnu++0x";
				CLANG_CXX_LIBRARY = "libc++";
				CLANG_ENABLE_MODULES = YES;
				CLANG_ENABLE_OBJC_ARC = YES;
				CLANG_WARN_BLOCK_CAPTURE_AUTORELEASING = YES;
				CLANG_WARN_BOOL_CONVERSION = YES;
				CLANG_WARN_COMMA = YES;
				CLANG_WARN_CONSTANT_CONVERSION = YES;
				CLANG_WARN_DEPRECATED_OBJC_IMPLEMENTATIONS = YES;
				CLANG_WARN_DIRECT_OBJC_ISA_USAGE = YES_ERROR;
				CLANG_WARN_EMPTY_BODY = YES;
				CLANG_WARN_ENUM_CONVERSION = YES;
				CLANG_WARN_INFINITE_RECURSION = YES;
				CLANG_WARN_INT_CONVERSION = YES;
				CLANG_WARN_NON_LITERAL_NULL_CONVERSION = YES;
				CLANG_WARN_OBJC_IMPLICIT_RETAIN_SELF = YES;
				CLANG_WARN_OBJC_LITERAL_CONVERSION = YES;
				CLANG_WARN_OBJC_ROOT_CLASS = YES_ERROR;
				CLANG_WARN_QUOTED_INCLUDE_IN_FRAMEWORK_HEADER = YES;
				CLANG_WARN_RANGE_LOOP_ANALYSIS = YES;
				CLANG_WARN_STRICT_PROTOTYPES = YES;
				CLANG_WARN_SUSPICIOUS_MOVE = YES;
				CLANG_WARN_UNREACHABLE_CODE = YES;
				CLANG_WARN__DUPLICATE_METHOD_MATCH = YES;
				"CODE_SIGN_IDENTITY[sdk=iphoneos*]" = "iPhone Developer";
				COPY_PHASE_STRIP = NO;
				DEBUG_INFORMATION_FORMAT = "dwarf-with-dsym";
				ENABLE_NS_ASSERTIONS = NO;
				ENABLE_STRICT_OBJC_MSGSEND = YES;
				GCC_C_LANGUAGE_STANDARD = gnu99;
				GCC_NO_COMMON_BLOCKS = YES;
				GCC_WARN_64_TO_32_BIT_CONVERSION = YES;
				GCC_WARN_ABOUT_RETURN_TYPE = YES_ERROR;
				GCC_WARN_UNDECLARED_SELECTOR = YES;
				GCC_WARN_UNINITIALIZED_AUTOS = YES_AGGRESSIVE;
				GCC_WARN_UNUSED_FUNCTION = YES;
				GCC_WARN_UNUSED_VARIABLE = YES;
				IPHONEOS_DEPLOYMENT_TARGET = 12.0;
				MTL_ENABLE_DEBUG_INFO = NO;
				SDKROOT = iphoneos;
				SWIFT_COMPILATION_MODE = wholemodule;
				SWIFT_OPTIMIZATION_LEVEL = "-O";
				TARGETED_DEVICE_FAMILY = "1,2";
				VALIDATE_PRODUCT = YES;
			};
			name = Release;
		};
		AAE9DA9A1CE0BBE400C44198 /* Debug */ = {
			isa = XCBuildConfiguration;
			buildSettings = {
				ALWAYS_EMBED_SWIFT_STANDARD_LIBRARIES = YES;
				ALWAYS_SEARCH_USER_PATHS = NO;
				ASSETCATALOG_COMPILER_APPICON_NAME = AppIcon;
				ASSETCATALOG_COMPILER_GLOBAL_ACCENT_COLOR_NAME = AccentColor;
				CLANG_ANALYZER_NUMBER_OBJECT_CONVERSION = YES_AGGRESSIVE;
				CLANG_CXX_LANGUAGE_STANDARD = "gnu++17";
				CLANG_ENABLE_MODULES = NO;
				CODE_SIGN_ENTITLEMENTS = Calculator/Calculator.entitlements;
				CODE_SIGN_IDENTITY = "iPhone Developer";
				"CODE_SIGN_IDENTITY[sdk=iphoneos*]" = "iPhone Developer";
				CURRENT_PROJECT_VERSION = 5;
				DEFINES_MODULE = NO;
				DEVELOPMENT_TEAM = 8A4DL788W9;
				ENABLE_BITCODE = NO;
				GCC_C_LANGUAGE_STANDARD = gnu11;
				HEADER_SEARCH_PATHS = "";
				INCLUDED_RECURSIVE_SEARCH_PATH_SUBDIRECTORIES = "";
				INFOPLIST_FILE = Calculator/Info.plist;
				IPHONEOS_DEPLOYMENT_TARGET = 15.0;
				LD_RUNPATH_SEARCH_PATHS = (
					"$(inherited)",
					"@executable_path/Frameworks",
				);
				LIBRARY_SEARCH_PATHS = "";
				MARKETING_VERSION = 3.0;
				MTL_ENABLE_DEBUG_INFO = INCLUDE_SOURCE;
				OTHER_SWIFT_FLAGS = "-Xfrontend -debug-time-function-bodies -Xfrontend -warn-long-expression-type-checking=300 -Xfrontend -warn-long-function-bodies=300 -Onone -Xfrontend -warn-long-expression-type-checking=300 -Xfrontend -warn-long-function-bodies=300";
				PRODUCT_BUNDLE_IDENTIFIER = com.joachimneumann.gmpcalculator;
				PRODUCT_NAME = "Better Calc";
				PROVISIONING_PROFILE = "";
				SUPPORTS_MACCATALYST = YES;
				SWIFT_ENFORCE_EXCLUSIVE_ACCESS = off;
				SWIFT_OBJC_BRIDGING_HEADER = "/Users/joachim/projects/gmpcalculator-/dist/include/bridge.h";
				SWIFT_OPTIMIZATION_LEVEL = "-Onone";
				SWIFT_SWIFT3_OBJC_INFERENCE = Default;
				SWIFT_VERSION = 5.0;
				TARGETED_DEVICE_FAMILY = "1,2,6";
				USER_HEADER_SEARCH_PATHS = "";
			};
			name = Debug;
		};
		AAE9DA9B1CE0BBE400C44198 /* Release */ = {
			isa = XCBuildConfiguration;
			buildSettings = {
				ALWAYS_EMBED_SWIFT_STANDARD_LIBRARIES = YES;
				ALWAYS_SEARCH_USER_PATHS = NO;
				ASSETCATALOG_COMPILER_APPICON_NAME = AppIcon;
				ASSETCATALOG_COMPILER_GLOBAL_ACCENT_COLOR_NAME = AccentColor;
				CLANG_ANALYZER_NUMBER_OBJECT_CONVERSION = YES_AGGRESSIVE;
				CLANG_CXX_LANGUAGE_STANDARD = "gnu++17";
				CLANG_ENABLE_MODULES = NO;
				CODE_SIGN_ENTITLEMENTS = Calculator/Calculator.entitlements;
				CODE_SIGN_IDENTITY = "iPhone Developer";
				"CODE_SIGN_IDENTITY[sdk=iphoneos*]" = "iPhone Developer";
				CURRENT_PROJECT_VERSION = 5;
				DEFINES_MODULE = NO;
				DEVELOPMENT_TEAM = 8A4DL788W9;
				ENABLE_BITCODE = NO;
				GCC_C_LANGUAGE_STANDARD = gnu11;
				HEADER_SEARCH_PATHS = "";
				INCLUDED_RECURSIVE_SEARCH_PATH_SUBDIRECTORIES = "";
				INFOPLIST_FILE = Calculator/Info.plist;
				IPHONEOS_DEPLOYMENT_TARGET = 15.0;
				LD_RUNPATH_SEARCH_PATHS = (
					"$(inherited)",
					"@executable_path/Frameworks",
				);
				LIBRARY_SEARCH_PATHS = "";
				MARKETING_VERSION = 3.0;
				OTHER_SWIFT_FLAGS = "";
				PRODUCT_BUNDLE_IDENTIFIER = com.joachimneumann.gmpcalculator;
				PRODUCT_NAME = "Better Calc";
				PROVISIONING_PROFILE = "";
				SUPPORTS_MACCATALYST = YES;
				SWIFT_ENFORCE_EXCLUSIVE_ACCESS = off;
				SWIFT_OBJC_BRIDGING_HEADER = "/Users/joachim/projects/gmpcalculator-/dist/include/bridge.h";
				SWIFT_SWIFT3_OBJC_INFERENCE = Default;
				SWIFT_VERSION = 5.0;
				TARGETED_DEVICE_FAMILY = "1,2,6";
				USER_HEADER_SEARCH_PATHS = "";
			};
			name = Release;
		};
/* End XCBuildConfiguration section */

/* Begin XCConfigurationList section */
		AAE9DA821CE0BBE300C44198 /* Build configuration list for PBXProject "Calculator" */ = {
			isa = XCConfigurationList;
			buildConfigurations = (
				AAE9DA971CE0BBE400C44198 /* Debug */,
				AAE9DA981CE0BBE400C44198 /* Release */,
			);
			defaultConfigurationIsVisible = 0;
			defaultConfigurationName = Release;
		};
		AAE9DA991CE0BBE400C44198 /* Build configuration list for PBXNativeTarget "Calculator" */ = {
			isa = XCConfigurationList;
			buildConfigurations = (
				AAE9DA9A1CE0BBE400C44198 /* Debug */,
				AAE9DA9B1CE0BBE400C44198 /* Release */,
			);
			defaultConfigurationIsVisible = 0;
			defaultConfigurationName = Release;
		};
/* End XCConfigurationList section */
	};
	rootObject = AAE9DA7F1CE0BBE300C44198 /* Project object */;
}
